// !$*UTF8*$!
{
	archiveVersion = 1;
	classes = {
	};
	objectVersion = 77;
	objects = {

/* Begin PBXBuildFile section */
		30DC26EF2DD5915E0081F80C /* meat.usdz in Resources */ = {isa = PBXBuildFile; fileRef = 30DC26E52DD5915E0081F80C /* meat.usdz */; };
		30DC26F02DD5915E0081F80C /* flip.usdz in Resources */ = {isa = PBXBuildFile; fileRef = 30DC26E42DD5915E0081F80C /* flip.usdz */; };
		30DC26F22DD5915E0081F80C /* Preview Assets.xcassets in Resources */ = {isa = PBXBuildFile; fileRef = 30DC26E72DD5915E0081F80C /* Preview Assets.xcassets */; };
		30DC26F32DD5915E0081F80C /* butter.usdz in Resources */ = {isa = PBXBuildFile; fileRef = 30DC26E32DD5915E0081F80C /* butter.usdz */; };
		30DC26F42DD5915E0081F80C /* CookDetect2.mlmodel in Sources */ = {isa = PBXBuildFile; fileRef = 30DC26EC2DD5915E0081F80C /* CookDetect2.mlmodel */; };
		30DC26F52DD5915E0081F80C /* TemperatureAnimation.swift in Sources */ = {isa = PBXBuildFile; fileRef = 30DC26E02DD5915E0081F80C /* TemperatureAnimation.swift */; };
		30DC26F62DD5915E0081F80C /* CutAnimation.swift in Sources */ = {isa = PBXBuildFile; fileRef = 30DC26D82DD5915E0081F80C /* CutAnimation.swift */; };
		30DC26F72DD5915E0081F80C /* StirAnimation.swift in Sources */ = {isa = PBXBuildFile; fileRef = 30DC26DF2DD5915E0081F80C /* StirAnimation.swift */; };
		30DC26F82DD5915E0081F80C /* Animation.swift in Sources */ = {isa = PBXBuildFile; fileRef = 30DC26D52DD5915E0081F80C /* Animation.swift */; };
		30DC26F92DD5915E0081F80C /* FlipAnimation.swift in Sources */ = {isa = PBXBuildFile; fileRef = 30DC26DA2DD5915E0081F80C /* FlipAnimation.swift */; };
		30DC26FA2DD5915E0081F80C /* AnimationManger.swift in Sources */ = {isa = PBXBuildFile; fileRef = 30DC26E92DD5915E0081F80C /* AnimationManger.swift */; };
		30DC26FB2DD5915E0081F80C /* BeatEggAnimation.swift in Sources */ = {isa = PBXBuildFile; fileRef = 30DC26D62DD5915E0081F80C /* BeatEggAnimation.swift */; };
		30DC26FC2DD5915E0081F80C /* PutIntoContainerAnimation.swift in Sources */ = {isa = PBXBuildFile; fileRef = 30DC26DD2DD5915E0081F80C /* PutIntoContainerAnimation.swift */; };
		30DC26FD2DD5915E0081F80C /* TorchAnimation.swift in Sources */ = {isa = PBXBuildFile; fileRef = 30DC26E12DD5915E0081F80C /* TorchAnimation.swift */; };
		30DC26FE2DD5915E0081F80C /* CountdownAnimation.swift in Sources */ = {isa = PBXBuildFile; fileRef = 30DC26D72DD5915E0081F80C /* CountdownAnimation.swift */; };
		30DC26FF2DD5915E0081F80C /* SprinkleAnimation.swift in Sources */ = {isa = PBXBuildFile; fileRef = 30DC26DE2DD5915E0081F80C /* SprinkleAnimation.swift */; };
		30DC27002DD5915E0081F80C /* PeelAnimation.swift in Sources */ = {isa = PBXBuildFile; fileRef = 30DC26DB2DD5915E0081F80C /* PeelAnimation.swift */; };
		30DC27012DD5915E0081F80C /* FlameAnimation.swift in Sources */ = {isa = PBXBuildFile; fileRef = 30DC26D92DD5915E0081F80C /* FlameAnimation.swift */; };
		30DC27022DD5915E0081F80C /* PourLiquidAnimation.swift in Sources */ = {isa = PBXBuildFile; fileRef = 30DC26DC2DD5915E0081F80C /* PourLiquidAnimation.swift */; };
		30DC27032DD5915E0081F80C /* ContentView.swift in Sources */ = {isa = PBXBuildFile; fileRef = 30DC26EB2DD5915E0081F80C /* ContentView.swift */; };
		30DC27042DD5915E0081F80C /* CookingARView.swift in Sources */ = {isa = PBXBuildFile; fileRef = 30DC26ED2DD5915E0081F80C /* CookingARView.swift */; };
		30DC27072DD591D00081F80C /* ARKit.framework in Frameworks */ = {isa = PBXBuildFile; fileRef = 30DC27062DD591D00081F80C /* ARKit.framework */; };
		30DC27092DD591E20081F80C /* RealityKit.framework in Frameworks */ = {isa = PBXBuildFile; fileRef = 30DC27082DD591E20081F80C /* RealityKit.framework */; };
		30DC270C2DD592D10081F80C /* GoogleGenerativeAI in Frameworks */ = {isa = PBXBuildFile; productRef = 30DC270B2DD592D10081F80C /* GoogleGenerativeAI */; };
/* End PBXBuildFile section */

/* Begin PBXFileReference section */
		30AB0E1D2DD64F2700101557 /* ChefHelper.app */ = {isa = PBXFileReference; explicitFileType = wrapper.application; includeInIndex = 0; path = ChefHelper.app; sourceTree = BUILT_PRODUCTS_DIR; };
		30DC26D52DD5915E0081F80C /* Animation.swift */ = {isa = PBXFileReference; lastKnownFileType = sourcecode.swift; path = Animation.swift; sourceTree = "<group>"; };
		30DC26D62DD5915E0081F80C /* BeatEggAnimation.swift */ = {isa = PBXFileReference; lastKnownFileType = sourcecode.swift; path = BeatEggAnimation.swift; sourceTree = "<group>"; };
		30DC26D72DD5915E0081F80C /* CountdownAnimation.swift */ = {isa = PBXFileReference; lastKnownFileType = sourcecode.swift; path = CountdownAnimation.swift; sourceTree = "<group>"; };
		30DC26D82DD5915E0081F80C /* CutAnimation.swift */ = {isa = PBXFileReference; lastKnownFileType = sourcecode.swift; path = CutAnimation.swift; sourceTree = "<group>"; };
		30DC26D92DD5915E0081F80C /* FlameAnimation.swift */ = {isa = PBXFileReference; lastKnownFileType = sourcecode.swift; path = FlameAnimation.swift; sourceTree = "<group>"; };
		30DC26DA2DD5915E0081F80C /* FlipAnimation.swift */ = {isa = PBXFileReference; lastKnownFileType = sourcecode.swift; path = FlipAnimation.swift; sourceTree = "<group>"; };
		30DC26DB2DD5915E0081F80C /* PeelAnimation.swift */ = {isa = PBXFileReference; lastKnownFileType = sourcecode.swift; path = PeelAnimation.swift; sourceTree = "<group>"; };
		30DC26DC2DD5915E0081F80C /* PourLiquidAnimation.swift */ = {isa = PBXFileReference; lastKnownFileType = sourcecode.swift; path = PourLiquidAnimation.swift; sourceTree = "<group>"; };
		30DC26DD2DD5915E0081F80C /* PutIntoContainerAnimation.swift */ = {isa = PBXFileReference; lastKnownFileType = sourcecode.swift; path = PutIntoContainerAnimation.swift; sourceTree = "<group>"; };
		30DC26DE2DD5915E0081F80C /* SprinkleAnimation.swift */ = {isa = PBXFileReference; lastKnownFileType = sourcecode.swift; path = SprinkleAnimation.swift; sourceTree = "<group>"; };
		30DC26DF2DD5915E0081F80C /* StirAnimation.swift */ = {isa = PBXFileReference; lastKnownFileType = sourcecode.swift; path = StirAnimation.swift; sourceTree = "<group>"; };
		30DC26E02DD5915E0081F80C /* TemperatureAnimation.swift */ = {isa = PBXFileReference; lastKnownFileType = sourcecode.swift; path = TemperatureAnimation.swift; sourceTree = "<group>"; };
		30DC26E12DD5915E0081F80C /* TorchAnimation.swift */ = {isa = PBXFileReference; lastKnownFileType = sourcecode.swift; path = TorchAnimation.swift; sourceTree = "<group>"; };
		30DC26E32DD5915E0081F80C /* butter.usdz */ = {isa = PBXFileReference; lastKnownFileType = file; path = butter.usdz; sourceTree = "<group>"; };
		30DC26E42DD5915E0081F80C /* flip.usdz */ = {isa = PBXFileReference; lastKnownFileType = file; path = flip.usdz; sourceTree = "<group>"; };
		30DC26E52DD5915E0081F80C /* meat.usdz */ = {isa = PBXFileReference; lastKnownFileType = file; path = meat.usdz; sourceTree = "<group>"; };
		30DC26E72DD5915E0081F80C /* Preview Assets.xcassets */ = {isa = PBXFileReference; lastKnownFileType = folder.assetcatalog; path = "Preview Assets.xcassets"; sourceTree = "<group>"; };
		30DC26E92DD5915E0081F80C /* AnimationManger.swift */ = {isa = PBXFileReference; lastKnownFileType = sourcecode.swift; path = AnimationManger.swift; sourceTree = "<group>"; };
		30DC26EB2DD5915E0081F80C /* ContentView.swift */ = {isa = PBXFileReference; lastKnownFileType = sourcecode.swift; path = ContentView.swift; sourceTree = "<group>"; };
		30DC26EC2DD5915E0081F80C /* CookDetect2.mlmodel */ = {isa = PBXFileReference; lastKnownFileType = file.mlmodel; path = CookDetect2.mlmodel; sourceTree = "<group>"; };
		30DC26ED2DD5915E0081F80C /* CookingARView.swift */ = {isa = PBXFileReference; lastKnownFileType = sourcecode.swift; path = CookingARView.swift; sourceTree = "<group>"; };
		30DC27062DD591D00081F80C /* ARKit.framework */ = {isa = PBXFileReference; lastKnownFileType = wrapper.framework; name = ARKit.framework; path = System/Library/Frameworks/ARKit.framework; sourceTree = SDKROOT; };
		30DC27082DD591E20081F80C /* RealityKit.framework */ = {isa = PBXFileReference; lastKnownFileType = wrapper.framework; name = RealityKit.framework; path = System/Library/Frameworks/RealityKit.framework; sourceTree = SDKROOT; };
/* End PBXFileReference section */

/* Begin PBXFileSystemSynchronizedBuildFileExceptionSet section */
		3056BC572DCC572F00141C0C /* Exceptions for "ChefHelper" folder in "ChefHelper" target */ = {
			isa = PBXFileSystemSynchronizedBuildFileExceptionSet;
			membershipExceptions = (
				Info.plist,
			);
			target = 30D9E0522DA60DC0001CDE03 /* ChefHelper */;
		};
/* End PBXFileSystemSynchronizedBuildFileExceptionSet section */

/* Begin PBXFileSystemSynchronizedRootGroup section */
		3044BC162DCC7DCB00216D3A /* UnitTest */ = {
			isa = PBXFileSystemSynchronizedRootGroup;
			path = UnitTest;
			sourceTree = "<group>";
		};
		30501B422DC331C700CB2198 /* Features */ = {
			isa = PBXFileSystemSynchronizedRootGroup;
			path = Features;
			sourceTree = "<group>";
		};
		30501B4C2DC332B100CB2198 /* Shared */ = {
			isa = PBXFileSystemSynchronizedRootGroup;
			path = Shared;
			sourceTree = "<group>";
		};
		30A657B12DC61CB90032C368 /* Coordinators */ = {
			isa = PBXFileSystemSynchronizedRootGroup;
			path = Coordinators;
			sourceTree = "<group>";
		};
		30D9E0552DA60DC0001CDE03 /* ChefHelper */ = {
			isa = PBXFileSystemSynchronizedRootGroup;
			exceptions = (
				3056BC572DCC572F00141C0C /* Exceptions for "ChefHelper" folder in "ChefHelper" target */,
			);
			path = ChefHelper;
			sourceTree = "<group>";
		};
/* End PBXFileSystemSynchronizedRootGroup section */

/* Begin PBXFrameworksBuildPhase section */
		30D9E0502DA60DC0001CDE03 /* Frameworks */ = {
			isa = PBXFrameworksBuildPhase;
			buildActionMask = 2147483647;
			files = (
				30DC270C2DD592D10081F80C /* GoogleGenerativeAI in Frameworks */,
				30DC27092DD591E20081F80C /* RealityKit.framework in Frameworks */,
				30DC27072DD591D00081F80C /* ARKit.framework in Frameworks */,
			);
			runOnlyForDeploymentPostprocessing = 0;
		};
/* End PBXFrameworksBuildPhase section */

/* Begin PBXGroup section */
		30D9E04A2DA60DC0001CDE03 = {
			isa = PBXGroup;
			children = (
				30DC26EE2DD5915E0081F80C /* AR */,
				30501B4C2DC332B100CB2198 /* Shared */,
				30D9E0552DA60DC0001CDE03 /* ChefHelper */,
				30501B422DC331C700CB2198 /* Features */,
				30A657B12DC61CB90032C368 /* Coordinators */,
				3044BC162DCC7DCB00216D3A /* UnitTest */,
				30DC27052DD591D00081F80C /* Frameworks */,
				30AB0E1D2DD64F2700101557 /* ChefHelper.app */,
			);
			sourceTree = "<group>";
		};
		30DC26E22DD5915E0081F80C /* Animation */ = {
			isa = PBXGroup;
			children = (
				30DC26D52DD5915E0081F80C /* Animation.swift */,
				30DC26D62DD5915E0081F80C /* BeatEggAnimation.swift */,
				30DC26D72DD5915E0081F80C /* CountdownAnimation.swift */,
				30DC26D82DD5915E0081F80C /* CutAnimation.swift */,
				30DC26D92DD5915E0081F80C /* FlameAnimation.swift */,
				30DC26DA2DD5915E0081F80C /* FlipAnimation.swift */,
				30DC26DB2DD5915E0081F80C /* PeelAnimation.swift */,
				30DC26DC2DD5915E0081F80C /* PourLiquidAnimation.swift */,
				30DC26DD2DD5915E0081F80C /* PutIntoContainerAnimation.swift */,
				30DC26DE2DD5915E0081F80C /* SprinkleAnimation.swift */,
				30DC26DF2DD5915E0081F80C /* StirAnimation.swift */,
				30DC26E02DD5915E0081F80C /* TemperatureAnimation.swift */,
				30DC26E12DD5915E0081F80C /* TorchAnimation.swift */,
			);
			path = Animation;
			sourceTree = "<group>";
		};
		30DC26E62DD5915E0081F80C /* model */ = {
			isa = PBXGroup;
			children = (
				30DC26E32DD5915E0081F80C /* butter.usdz */,
				30DC26E42DD5915E0081F80C /* flip.usdz */,
				30DC26E52DD5915E0081F80C /* meat.usdz */,
			);
			path = model;
			sourceTree = "<group>";
		};
		30DC26E82DD5915E0081F80C /* Preview Content */ = {
			isa = PBXGroup;
			children = (
				30DC26E72DD5915E0081F80C /* Preview Assets.xcassets */,
			);
			path = "Preview Content";
			sourceTree = "<group>";
		};
		30DC26EE2DD5915E0081F80C /* AR */ = {
			isa = PBXGroup;
			children = (
				30DC26E22DD5915E0081F80C /* Animation */,
				30DC26E62DD5915E0081F80C /* model */,
				30DC26E82DD5915E0081F80C /* Preview Content */,
				30DC26E92DD5915E0081F80C /* AnimationManger.swift */,
				30DC26EB2DD5915E0081F80C /* ContentView.swift */,
				30DC26EC2DD5915E0081F80C /* CookDetect2.mlmodel */,
				30DC26ED2DD5915E0081F80C /* CookingARView.swift */,
			);
			path = AR;
			sourceTree = "<group>";
		};
		30DC27052DD591D00081F80C /* Frameworks */ = {
			isa = PBXGroup;
			children = (
				30DC27082DD591E20081F80C /* RealityKit.framework */,
				30DC27062DD591D00081F80C /* ARKit.framework */,
			);
			name = Frameworks;
			sourceTree = "<group>";
		};
/* End PBXGroup section */

/* Begin PBXNativeTarget section */
		30D9E0522DA60DC0001CDE03 /* ChefHelper */ = {
			isa = PBXNativeTarget;
			buildConfigurationList = 30D9E0612DA60DC1001CDE03 /* Build configuration list for PBXNativeTarget "ChefHelper" */;
			buildPhases = (
				30D9E04F2DA60DC0001CDE03 /* Sources */,
				30D9E0502DA60DC0001CDE03 /* Frameworks */,
				30D9E0512DA60DC0001CDE03 /* Resources */,
			);
			buildRules = (
			);
			dependencies = (
			);
			fileSystemSynchronizedGroups = (
				3044BC162DCC7DCB00216D3A /* UnitTest */,
				30501B422DC331C700CB2198 /* Features */,
				30501B4C2DC332B100CB2198 /* Shared */,
				30A657B12DC61CB90032C368 /* Coordinators */,
				30D9E0552DA60DC0001CDE03 /* ChefHelper */,
			);
			name = ChefHelper;
			packageProductDependencies = (
				30DC270B2DD592D10081F80C /* GoogleGenerativeAI */,
			);
			productName = ChefHelper;
			productReference = 30AB0E1D2DD64F2700101557 /* ChefHelper.app */;
			productType = "com.apple.product-type.application";
		};
/* End PBXNativeTarget section */

/* Begin PBXProject section */
		30D9E04B2DA60DC0001CDE03 /* Project object */ = {
			isa = PBXProject;
			attributes = {
				BuildIndependentTargetsInParallel = 1;
				LastSwiftUpdateCheck = 1620;
				LastUpgradeCheck = 1620;
				TargetAttributes = {
					30D9E0522DA60DC0001CDE03 = {
						CreatedOnToolsVersion = 16.2;
					};
				};
			};
			buildConfigurationList = 30D9E04E2DA60DC0001CDE03 /* Build configuration list for PBXProject "ChefHelper" */;
			developmentRegion = en;
			hasScannedForEncodings = 0;
			knownRegions = (
				en,
				Base,
			);
			mainGroup = 30D9E04A2DA60DC0001CDE03;
			minimizedProjectReferenceProxies = 1;
			packageReferences = (
				30DC270A2DD592D10081F80C /* XCRemoteSwiftPackageReference "generative-ai-swift" */,
			);
			preferredProjectObjectVersion = 77;
			productRefGroup = 30D9E04A2DA60DC0001CDE03;
			projectDirPath = "";
			projectRoot = "";
			targets = (
				30D9E0522DA60DC0001CDE03 /* ChefHelper */,
			);
		};
/* End PBXProject section */

/* Begin PBXResourcesBuildPhase section */
		30D9E0512DA60DC0001CDE03 /* Resources */ = {
			isa = PBXResourcesBuildPhase;
			buildActionMask = 2147483647;
			files = (
				30DC26EF2DD5915E0081F80C /* meat.usdz in Resources */,
				30DC26F02DD5915E0081F80C /* flip.usdz in Resources */,
				30DC26F22DD5915E0081F80C /* Preview Assets.xcassets in Resources */,
				30DC26F32DD5915E0081F80C /* butter.usdz in Resources */,
			);
			runOnlyForDeploymentPostprocessing = 0;
		};
/* End PBXResourcesBuildPhase section */

/* Begin PBXSourcesBuildPhase section */
		30D9E04F2DA60DC0001CDE03 /* Sources */ = {
			isa = PBXSourcesBuildPhase;
			buildActionMask = 2147483647;
			files = (
				30DC26F42DD5915E0081F80C /* CookDetect2.mlmodel in Sources */,
				30DC26F52DD5915E0081F80C /* TemperatureAnimation.swift in Sources */,
				30DC26F62DD5915E0081F80C /* CutAnimation.swift in Sources */,
				30DC26F72DD5915E0081F80C /* StirAnimation.swift in Sources */,
				30DC26F82DD5915E0081F80C /* Animation.swift in Sources */,
				30DC26F92DD5915E0081F80C /* FlipAnimation.swift in Sources */,
				30DC26FA2DD5915E0081F80C /* AnimationManger.swift in Sources */,
				30DC26FB2DD5915E0081F80C /* BeatEggAnimation.swift in Sources */,
				30DC26FC2DD5915E0081F80C /* PutIntoContainerAnimation.swift in Sources */,
				30DC26FD2DD5915E0081F80C /* TorchAnimation.swift in Sources */,
				30DC26FE2DD5915E0081F80C /* CountdownAnimation.swift in Sources */,
				30DC26FF2DD5915E0081F80C /* SprinkleAnimation.swift in Sources */,
				30DC27002DD5915E0081F80C /* PeelAnimation.swift in Sources */,
				30DC27012DD5915E0081F80C /* FlameAnimation.swift in Sources */,
				30DC27022DD5915E0081F80C /* PourLiquidAnimation.swift in Sources */,
				30DC27032DD5915E0081F80C /* ContentView.swift in Sources */,
				30DC27042DD5915E0081F80C /* CookingARView.swift in Sources */,
			);
			runOnlyForDeploymentPostprocessing = 0;
		};
/* End PBXSourcesBuildPhase section */

/* Begin XCBuildConfiguration section */
		30D9E05F2DA60DC1001CDE03 /* Debug */ = {
			isa = XCBuildConfiguration;
			buildSettings = {
				ALWAYS_SEARCH_USER_PATHS = NO;
				ASSETCATALOG_COMPILER_GENERATE_SWIFT_ASSET_SYMBOL_EXTENSIONS = YES;
				CLANG_ANALYZER_NONNULL = YES;
				CLANG_ANALYZER_NUMBER_OBJECT_CONVERSION = YES_AGGRESSIVE;
				CLANG_CXX_LANGUAGE_STANDARD = "gnu++20";
				CLANG_ENABLE_MODULES = YES;
				CLANG_ENABLE_OBJC_ARC = YES;
				CLANG_ENABLE_OBJC_WEAK = YES;
				CLANG_WARN_BLOCK_CAPTURE_AUTORELEASING = YES;
				CLANG_WARN_BOOL_CONVERSION = YES;
				CLANG_WARN_COMMA = YES;
				CLANG_WARN_CONSTANT_CONVERSION = YES;
				CLANG_WARN_DEPRECATED_OBJC_IMPLEMENTATIONS = YES;
				CLANG_WARN_DIRECT_OBJC_ISA_USAGE = YES_ERROR;
				CLANG_WARN_DOCUMENTATION_COMMENTS = YES;
				CLANG_WARN_EMPTY_BODY = YES;
				CLANG_WARN_ENUM_CONVERSION = YES;
				CLANG_WARN_INFINITE_RECURSION = YES;
				CLANG_WARN_INT_CONVERSION = YES;
				CLANG_WARN_NON_LITERAL_NULL_CONVERSION = YES;
				CLANG_WARN_OBJC_IMPLICIT_RETAIN_SELF = YES;
				CLANG_WARN_OBJC_LITERAL_CONVERSION = YES;
				CLANG_WARN_OBJC_ROOT_CLASS = YES_ERROR;
				CLANG_WARN_QUOTED_INCLUDE_IN_FRAMEWORK_HEADER = YES;
				CLANG_WARN_RANGE_LOOP_ANALYSIS = YES;
				CLANG_WARN_STRICT_PROTOTYPES = YES;
				CLANG_WARN_SUSPICIOUS_MOVE = YES;
				CLANG_WARN_UNGUARDED_AVAILABILITY = YES_AGGRESSIVE;
				CLANG_WARN_UNREACHABLE_CODE = YES;
				CLANG_WARN__DUPLICATE_METHOD_MATCH = YES;
				COPY_PHASE_STRIP = NO;
				DEBUG_INFORMATION_FORMAT = dwarf;
				ENABLE_STRICT_OBJC_MSGSEND = YES;
				ENABLE_TESTABILITY = YES;
				ENABLE_USER_SCRIPT_SANDBOXING = YES;
				GCC_C_LANGUAGE_STANDARD = gnu17;
				GCC_DYNAMIC_NO_PIC = NO;
				GCC_NO_COMMON_BLOCKS = YES;
				GCC_OPTIMIZATION_LEVEL = 0;
				GCC_PREPROCESSOR_DEFINITIONS = (
					"DEBUG=1",
					"$(inherited)",
				);
				GCC_WARN_64_TO_32_BIT_CONVERSION = YES;
				GCC_WARN_ABOUT_RETURN_TYPE = YES_ERROR;
				GCC_WARN_UNDECLARED_SELECTOR = YES;
				GCC_WARN_UNINITIALIZED_AUTOS = YES_AGGRESSIVE;
				GCC_WARN_UNUSED_FUNCTION = YES;
				GCC_WARN_UNUSED_VARIABLE = YES;
				GENERATE_INFOPLIST_FILE = YES;
				INFOPLIST_FILE = "";
				INFOPLIST_PREPROCESS = NO;
				IPHONEOS_DEPLOYMENT_TARGET = 18.2;
				LOCALIZATION_PREFERS_STRING_CATALOGS = YES;
				MTL_ENABLE_DEBUG_INFO = INCLUDE_SOURCE;
				MTL_FAST_MATH = YES;
				ONLY_ACTIVE_ARCH = YES;
				SDKROOT = iphoneos;
				SWIFT_ACTIVE_COMPILATION_CONDITIONS = "DEBUG $(inherited)";
				SWIFT_OPTIMIZATION_LEVEL = "-Onone";
			};
			name = Debug;
		};
		30D9E0602DA60DC1001CDE03 /* Release */ = {
			isa = XCBuildConfiguration;
			buildSettings = {
				ALWAYS_SEARCH_USER_PATHS = NO;
				ASSETCATALOG_COMPILER_GENERATE_SWIFT_ASSET_SYMBOL_EXTENSIONS = YES;
				CLANG_ANALYZER_NONNULL = YES;
				CLANG_ANALYZER_NUMBER_OBJECT_CONVERSION = YES_AGGRESSIVE;
				CLANG_CXX_LANGUAGE_STANDARD = "gnu++20";
				CLANG_ENABLE_MODULES = YES;
				CLANG_ENABLE_OBJC_ARC = YES;
				CLANG_ENABLE_OBJC_WEAK = YES;
				CLANG_WARN_BLOCK_CAPTURE_AUTORELEASING = YES;
				CLANG_WARN_BOOL_CONVERSION = YES;
				CLANG_WARN_COMMA = YES;
				CLANG_WARN_CONSTANT_CONVERSION = YES;
				CLANG_WARN_DEPRECATED_OBJC_IMPLEMENTATIONS = YES;
				CLANG_WARN_DIRECT_OBJC_ISA_USAGE = YES_ERROR;
				CLANG_WARN_DOCUMENTATION_COMMENTS = YES;
				CLANG_WARN_EMPTY_BODY = YES;
				CLANG_WARN_ENUM_CONVERSION = YES;
				CLANG_WARN_INFINITE_RECURSION = YES;
				CLANG_WARN_INT_CONVERSION = YES;
				CLANG_WARN_NON_LITERAL_NULL_CONVERSION = YES;
				CLANG_WARN_OBJC_IMPLICIT_RETAIN_SELF = YES;
				CLANG_WARN_OBJC_LITERAL_CONVERSION = YES;
				CLANG_WARN_OBJC_ROOT_CLASS = YES_ERROR;
				CLANG_WARN_QUOTED_INCLUDE_IN_FRAMEWORK_HEADER = YES;
				CLANG_WARN_RANGE_LOOP_ANALYSIS = YES;
				CLANG_WARN_STRICT_PROTOTYPES = YES;
				CLANG_WARN_SUSPICIOUS_MOVE = YES;
				CLANG_WARN_UNGUARDED_AVAILABILITY = YES_AGGRESSIVE;
				CLANG_WARN_UNREACHABLE_CODE = YES;
				CLANG_WARN__DUPLICATE_METHOD_MATCH = YES;
				COPY_PHASE_STRIP = NO;
				DEBUG_INFORMATION_FORMAT = "dwarf-with-dsym";
				ENABLE_NS_ASSERTIONS = NO;
				ENABLE_STRICT_OBJC_MSGSEND = YES;
				ENABLE_USER_SCRIPT_SANDBOXING = YES;
				GCC_C_LANGUAGE_STANDARD = gnu17;
				GCC_NO_COMMON_BLOCKS = YES;
				GCC_WARN_64_TO_32_BIT_CONVERSION = YES;
				GCC_WARN_ABOUT_RETURN_TYPE = YES_ERROR;
				GCC_WARN_UNDECLARED_SELECTOR = YES;
				GCC_WARN_UNINITIALIZED_AUTOS = YES_AGGRESSIVE;
				GCC_WARN_UNUSED_FUNCTION = YES;
				GCC_WARN_UNUSED_VARIABLE = YES;
				GENERATE_INFOPLIST_FILE = YES;
				INFOPLIST_FILE = "";
				INFOPLIST_PREPROCESS = NO;
				IPHONEOS_DEPLOYMENT_TARGET = 18.2;
				LOCALIZATION_PREFERS_STRING_CATALOGS = YES;
				MTL_ENABLE_DEBUG_INFO = NO;
				MTL_FAST_MATH = YES;
				SDKROOT = iphoneos;
				SWIFT_COMPILATION_MODE = wholemodule;
				VALIDATE_PRODUCT = YES;
			};
			name = Release;
		};
		30D9E0622DA60DC1001CDE03 /* Debug */ = {
			isa = XCBuildConfiguration;
			buildSettings = {
				ASSETCATALOG_COMPILER_APPICON_NAME = AppIcon;
				ASSETCATALOG_COMPILER_GLOBAL_ACCENT_COLOR_NAME = AccentColor;
				CODE_SIGN_IDENTITY = "Apple Development";
				CODE_SIGN_STYLE = Automatic;
				CURRENT_PROJECT_VERSION = 1;
				DEVELOPMENT_ASSET_PATHS = "\"ChefHelper/Preview Content\"";
				DEVELOPMENT_TEAM = YB987PVDMC;
				ENABLE_PREVIEWS = YES;
				GENERATE_INFOPLIST_FILE = YES;
				INFOPLIST_FILE = "";
				INFOPLIST_KEY_CFBundleDisplayName = "";
				INFOPLIST_KEY_LSApplicationCategoryType = "";
				INFOPLIST_KEY_NSCameraUsageDescription = "需要開啟權限";
				INFOPLIST_KEY_NSPhotoLibraryAddUsageDescription = "需要相簿權限";
				INFOPLIST_KEY_UIApplicationSceneManifest_Generation = YES;
				INFOPLIST_KEY_UIApplicationSupportsIndirectInputEvents = YES;
				INFOPLIST_KEY_UILaunchScreen_Generation = YES;
				INFOPLIST_KEY_UISupportedInterfaceOrientations_iPad = "UIInterfaceOrientationPortrait UIInterfaceOrientationPortraitUpsideDown UIInterfaceOrientationLandscapeLeft UIInterfaceOrientationLandscapeRight";
				INFOPLIST_KEY_UISupportedInterfaceOrientations_iPhone = "UIInterfaceOrientationPortrait UIInterfaceOrientationLandscapeLeft UIInterfaceOrientationLandscapeRight";
				LD_RUNPATH_SEARCH_PATHS = (
					"$(inherited)",
					"@executable_path/Frameworks",
				);
				MARKETING_VERSION = 1.0;
				PRODUCT_BUNDLE_IDENTIFIER = com.mitchen.BigChef;
				PRODUCT_NAME = "$(TARGET_NAME)";
				PROVISIONING_PROFILE_SPECIFIER = "";
				SWIFT_EMIT_LOC_STRINGS = YES;
				SWIFT_VERSION = 5.0;
				TARGETED_DEVICE_FAMILY = "1,2";
			};
			name = Debug;
		};
		30D9E0632DA60DC1001CDE03 /* Release */ = {
			isa = XCBuildConfiguration;
			buildSettings = {
				ASSETCATALOG_COMPILER_APPICON_NAME = AppIcon;
				ASSETCATALOG_COMPILER_GLOBAL_ACCENT_COLOR_NAME = AccentColor;
				CODE_SIGN_IDENTITY = "Apple Development";
				CODE_SIGN_STYLE = Automatic;
				CURRENT_PROJECT_VERSION = 1;
				DEVELOPMENT_ASSET_PATHS = "\"ChefHelper/Preview Content\"";
				DEVELOPMENT_TEAM = YB987PVDMC;
				ENABLE_PREVIEWS = YES;
				GENERATE_INFOPLIST_FILE = YES;
				INFOPLIST_FILE = "";
				INFOPLIST_KEY_CFBundleDisplayName = "";
				INFOPLIST_KEY_LSApplicationCategoryType = "";
				INFOPLIST_KEY_NSCameraUsageDescription = "需要開啟權限";
				INFOPLIST_KEY_NSPhotoLibraryAddUsageDescription = "需要相簿權限";
				INFOPLIST_KEY_UIApplicationSceneManifest_Generation = YES;
				INFOPLIST_KEY_UIApplicationSupportsIndirectInputEvents = YES;
				INFOPLIST_KEY_UILaunchScreen_Generation = YES;
				INFOPLIST_KEY_UISupportedInterfaceOrientations_iPad = "UIInterfaceOrientationPortrait UIInterfaceOrientationPortraitUpsideDown UIInterfaceOrientationLandscapeLeft UIInterfaceOrientationLandscapeRight";
				INFOPLIST_KEY_UISupportedInterfaceOrientations_iPhone = "UIInterfaceOrientationPortrait UIInterfaceOrientationLandscapeLeft UIInterfaceOrientationLandscapeRight";
				LD_RUNPATH_SEARCH_PATHS = (
					"$(inherited)",
					"@executable_path/Frameworks",
				);
				MARKETING_VERSION = 1.0;
				PRODUCT_BUNDLE_IDENTIFIER = com.mitchen.BigChef;
				PRODUCT_NAME = "$(TARGET_NAME)";
				PROVISIONING_PROFILE_SPECIFIER = "";
				SWIFT_EMIT_LOC_STRINGS = YES;
				SWIFT_VERSION = 5.0;
				TARGETED_DEVICE_FAMILY = "1,2";
			};
			name = Release;
		};
/* End XCBuildConfiguration section */

/* Begin XCConfigurationList section */
		30D9E04E2DA60DC0001CDE03 /* Build configuration list for PBXProject "ChefHelper" */ = {
			isa = XCConfigurationList;
			buildConfigurations = (
				30D9E05F2DA60DC1001CDE03 /* Debug */,
				30D9E0602DA60DC1001CDE03 /* Release */,
			);
			defaultConfigurationIsVisible = 0;
			defaultConfigurationName = Release;
		};
		30D9E0612DA60DC1001CDE03 /* Build configuration list for PBXNativeTarget "ChefHelper" */ = {
			isa = XCConfigurationList;
			buildConfigurations = (
				30D9E0622DA60DC1001CDE03 /* Debug */,
				30D9E0632DA60DC1001CDE03 /* Release */,
			);
			defaultConfigurationIsVisible = 0;
			defaultConfigurationName = Release;
		};
/* End XCConfigurationList section */

/* Begin XCRemoteSwiftPackageReference section */
		30DC270A2DD592D10081F80C /* XCRemoteSwiftPackageReference "generative-ai-swift" */ = {
			isa = XCRemoteSwiftPackageReference;
			repositoryURL = "https://github.com/google/generative-ai-swift";
			requirement = {
				kind = upToNextMajorVersion;
				minimumVersion = 0.5.6;
			};
		};
/* End XCRemoteSwiftPackageReference section */

/* Begin XCSwiftPackageProductDependency section */
		30DC270B2DD592D10081F80C /* GoogleGenerativeAI */ = {
			isa = XCSwiftPackageProductDependency;
			package = 30DC270A2DD592D10081F80C /* XCRemoteSwiftPackageReference "generative-ai-swift" */;
			productName = GoogleGenerativeAI;
		};
/* End XCSwiftPackageProductDependency section */
	};
	rootObject = 30D9E04B2DA60DC0001CDE03 /* Project object */;
}
